Microsoft Visual Studio Solution File, Format Version 12.00
# Visual Studio 14
VisualStudioVersion = 14.0.25420.1
MinimumVisualStudioVersion = 10.0.40219.1
Project("{8BC9CEB8-8B4A-11D0-8D11-00A0C91BC942}") = "NativeRebarPos", "NativeRebarPos\NativeRebarPos.vcxproj", "{473A95DC-5E6B-47EF-8E4D-77BB2AC1D046}"
EndProject
Project("{8BC9CEB8-8B4A-11D0-8D11-00A0C91BC942}") = "ManagedRebarPos", "ManagedRebarPos\ManagedRebarPos.vcxproj", "{D26DC853-A22B-4C5B-810F-F76D1247FA93}"
	ProjectSection(ProjectDependencies) = postProject
		{06B9D355-F6F9-4029-A614-834774D248C0} = {06B9D355-F6F9-4029-A614-834774D248C0}
	EndProjectSection
EndProject
Project("{8BC9CEB8-8B4A-11D0-8D11-00A0C91BC942}") = "COMRebarPos", "COMRebarPos\COMRebarPos.vcxproj", "{06B9D355-F6F9-4029-A614-834774D248C0}"
EndProject
Project("{FAE04EC0-301F-11D3-BF4B-00C04F79EFBC}") = "RebarPosCommands", "RebarPosCommands\RebarPosCommands.csproj", "{CAC7E4D1-71A4-4C05-BAC1-34201C067CF9}"
	ProjectSection(ProjectDependencies) = postProject
		{D26DC853-A22B-4C5B-810F-F76D1247FA93} = {D26DC853-A22B-4C5B-810F-F76D1247FA93}
	EndProjectSection
EndProject
Project("{8BC9CEB8-8B4A-11D0-8D11-00A0C91BC942}") = "MenuIcons", "MenuIcons\MenuIcons.vcxproj", "{E1C26BDD-5053-45A9-BDA5-18096BADD031}"
EndProject
Project("{8BC9CEB8-8B4A-11D0-8D11-00A0C91BC942}") = "MenuIcons_Light", "MenuIcons_Light\MenuIcons_Light.vcxproj", "{081A2147-0690-4AC0-935A-E50D8C1597D0}"
EndProject
Global
	GlobalSection(SolutionConfigurationPlatforms) = preSolution
		Release-2017|x64 = Release-2017|x64
		Release-2017|x86 = Release-2017|x86
		Release-2018|x64 = Release-2018|x64
		Release-2018|x86 = Release-2018|x86
	EndGlobalSection
	GlobalSection(ProjectConfigurationPlatforms) = postSolution
		{473A95DC-5E6B-47EF-8E4D-77BB2AC1D046}.Release-2017|x64.ActiveCfg = Release-2017|x64
		{473A95DC-5E6B-47EF-8E4D-77BB2AC1D046}.Release-2017|x64.Build.0 = Release-2017|x64
		{473A95DC-5E6B-47EF-8E4D-77BB2AC1D046}.Release-2017|x86.ActiveCfg = Release-2017|x64
		{473A95DC-5E6B-47EF-8E4D-77BB2AC1D046}.Release-2018|x64.ActiveCfg = Release-2018|x64
		{473A95DC-5E6B-47EF-8E4D-77BB2AC1D046}.Release-2018|x64.Build.0 = Release-2018|x64
		{473A95DC-5E6B-47EF-8E4D-77BB2AC1D046}.Release-2018|x86.ActiveCfg = Release-2018|x64
		{D26DC853-A22B-4C5B-810F-F76D1247FA93}.Release-2017|x64.ActiveCfg = Release-2017|x64
		{D26DC853-A22B-4C5B-810F-F76D1247FA93}.Release-2017|x64.Build.0 = Release-2017|x64
		{D26DC853-A22B-4C5B-810F-F76D1247FA93}.Release-2017|x86.ActiveCfg = Release-2017|x64
		{D26DC853-A22B-4C5B-810F-F76D1247FA93}.Release-2018|x64.ActiveCfg = Release-2018|x64
		{D26DC853-A22B-4C5B-810F-F76D1247FA93}.Release-2018|x64.Build.0 = Release-2018|x64
		{D26DC853-A22B-4C5B-810F-F76D1247FA93}.Release-2018|x86.ActiveCfg = Release-2018|x64
		{06B9D355-F6F9-4029-A614-834774D248C0}.Release-2017|x64.ActiveCfg = Release-2017|x64
		{06B9D355-F6F9-4029-A614-834774D248C0}.Release-2017|x64.Build.0 = Release-2017|x64
		{06B9D355-F6F9-4029-A614-834774D248C0}.Release-2017|x86.ActiveCfg = Release-2017|x64
		{06B9D355-F6F9-4029-A614-834774D248C0}.Release-2018|x64.ActiveCfg = Release-2018|x64
		{06B9D355-F6F9-4029-A614-834774D248C0}.Release-2018|x64.Build.0 = Release-2018|x64
		{06B9D355-F6F9-4029-A614-834774D248C0}.Release-2018|x86.ActiveCfg = Release-2018|x64
		{CAC7E4D1-71A4-4C05-BAC1-34201C067CF9}.Release-2017|x64.ActiveCfg = Release-2017|x64
		{CAC7E4D1-71A4-4C05-BAC1-34201C067CF9}.Release-2017|x64.Build.0 = Release-2017|x64
		{CAC7E4D1-71A4-4C05-BAC1-34201C067CF9}.Release-2017|x86.ActiveCfg = Release-2017|x64
		{CAC7E4D1-71A4-4C05-BAC1-34201C067CF9}.Release-2018|x64.ActiveCfg = Release-2018|x64
		{CAC7E4D1-71A4-4C05-BAC1-34201C067CF9}.Release-2018|x64.Build.0 = Release-2018|x64
		{CAC7E4D1-71A4-4C05-BAC1-34201C067CF9}.Release-2018|x86.ActiveCfg = Release-2018|x64
		{E1C26BDD-5053-45A9-BDA5-18096BADD031}.Release-2017|x64.ActiveCfg = Release|Win32
		{E1C26BDD-5053-45A9-BDA5-18096BADD031}.Release-2017|x64.Build.0 = Release|Win32
		{E1C26BDD-5053-45A9-BDA5-18096BADD031}.Release-2017|x86.ActiveCfg = Release|Win32
		{E1C26BDD-5053-45A9-BDA5-18096BADD031}.Release-2017|x86.Build.0 = Release|Win32
		{E1C26BDD-5053-45A9-BDA5-18096BADD031}.Release-2018|x64.ActiveCfg = Release|Win32
		{E1C26BDD-5053-45A9-BDA5-18096BADD031}.Release-2018|x64.Build.0 = Release|Win32
		{E1C26BDD-5053-45A9-BDA5-18096BADD031}.Release-2018|x86.ActiveCfg = Release|Win32
		{E1C26BDD-5053-45A9-BDA5-18096BADD031}.Release-2018|x86.Build.0 = Release|Win32
		{081A2147-0690-4AC0-935A-E50D8C1597D0}.Release-2017|x64.ActiveCfg = Release|Win32
		{081A2147-0690-4AC0-935A-E50D8C1597D0}.Release-2017|x64.Build.0 = Release|Win32
		{081A2147-0690-4AC0-935A-E50D8C1597D0}.Release-2017|x86.ActiveCfg = Release|Win32
		{081A2147-0690-4AC0-935A-E50D8C1597D0}.Release-2017|x86.Build.0 = Release|Win32
		{081A2147-0690-4AC0-935A-E50D8C1597D0}.Release-2018|x64.ActiveCfg = Release|Win32
		{081A2147-0690-4AC0-935A-E50D8C1597D0}.Release-2018|x64.Build.0 = Release|Win32
		{081A2147-0690-4AC0-935A-E50D8C1597D0}.Release-2018|x86.ActiveCfg = Release|Win32
		{081A2147-0690-4AC0-935A-E50D8C1597D0}.Release-2018|x86.Build.0 = Release|Win32
	EndGlobalSection
	GlobalSection(SolutionProperties) = preSolution
		HideSolutionNode = FALSE
	EndGlobalSection
EndGlobal
