Microsoft Visual Studio Solution File, Format Version 10.00
# Visual Studio 2008
Project("{8BC9CEB8-8B4A-11D0-8D11-00A0C91BC942}") = "NativeRebarPos", "NativeRebarPos\NativeRebarPos.vcproj", "{473A95DC-5E6B-47EF-8E4D-77BB2AC1D046}"
EndProject
Project("{8BC9CEB8-8B4A-11D0-8D11-00A0C91BC942}") = "RebarPosUI", "RebarPosUI\RebarPosUI.vcproj", "{AD76FB2C-856B-4ACD-9A34-5BB7B5FDE659}"
	ProjectSection(ProjectDependencies) = postProject
		{473A95DC-5E6B-47EF-8E4D-77BB2AC1D046} = {473A95DC-5E6B-47EF-8E4D-77BB2AC1D046}
	EndProjectSection
EndProject
Project("{8BC9CEB8-8B4A-11D0-8D11-00A0C91BC942}") = "ManagedRebarPos", "ManagedRebarPos\ManagedRebarPos.vcproj", "{D26DC853-A22B-4C5B-810F-F76D1247FA93}"
	ProjectSection(ProjectDependencies) = postProject
		{473A95DC-5E6B-47EF-8E4D-77BB2AC1D046} = {473A95DC-5E6B-47EF-8E4D-77BB2AC1D046}
	EndProjectSection
EndProject
Project("{8BC9CEB8-8B4A-11D0-8D11-00A0C91BC942}") = "COMRebarPos", "COMRebarPos\COMRebarPos.vcproj", "{06B9D355-F6F9-4029-A614-834774D248C0}"
	ProjectSection(ProjectDependencies) = postProject
		{473A95DC-5E6B-47EF-8E4D-77BB2AC1D046} = {473A95DC-5E6B-47EF-8E4D-77BB2AC1D046}
	EndProjectSection
EndProject
Project("{F184B08F-C81C-45F6-A57F-5ABD9991F28F}") = "ManagedTest", "ManagedTest\ManagedTest.vbproj", "{0E4664CE-BF26-4BD6-89F1-EB20BFA28DF3}"
EndProject
Project("{54435603-DBB4-11D2-8724-00A0C9A8B90C}") = "RebarPosMSM", "Setup\RebarPosMSM.vdproj", "{DCA46BD2-BA46-45AF-B78F-CF1A18784AD6}"
EndProject
Project("{54435603-DBB4-11D2-8724-00A0C9A8B90C}") = "RebarPosMSI", "Setup\RebarPosMSI.vdproj", "{75071ACC-C273-4092-8DF2-A443B8AC69D0}"
EndProject
Global
	GlobalSection(SolutionConfigurationPlatforms) = preSolution
		Debug|Any CPU = Debug|Any CPU
		Debug|Mixed Platforms = Debug|Mixed Platforms
		Debug|Win32 = Debug|Win32
		Debug|x64 = Debug|x64
		Release|Any CPU = Release|Any CPU
		Release|Mixed Platforms = Release|Mixed Platforms
		Release|Win32 = Release|Win32
		Release|x64 = Release|x64
	EndGlobalSection
	GlobalSection(ProjectConfigurationPlatforms) = postSolution
		{473A95DC-5E6B-47EF-8E4D-77BB2AC1D046}.Debug|Any CPU.ActiveCfg = Debug|x64
		{473A95DC-5E6B-47EF-8E4D-77BB2AC1D046}.Debug|Mixed Platforms.ActiveCfg = Debug|x64
		{473A95DC-5E6B-47EF-8E4D-77BB2AC1D046}.Debug|Mixed Platforms.Build.0 = Debug|x64
		{473A95DC-5E6B-47EF-8E4D-77BB2AC1D046}.Debug|Win32.ActiveCfg = Debug|Win32
		{473A95DC-5E6B-47EF-8E4D-77BB2AC1D046}.Debug|Win32.Build.0 = Debug|Win32
		{473A95DC-5E6B-47EF-8E4D-77BB2AC1D046}.Debug|x64.ActiveCfg = Debug|x64
		{473A95DC-5E6B-47EF-8E4D-77BB2AC1D046}.Debug|x64.Build.0 = Debug|x64
		{473A95DC-5E6B-47EF-8E4D-77BB2AC1D046}.Release|Any CPU.ActiveCfg = Release|x64
		{473A95DC-5E6B-47EF-8E4D-77BB2AC1D046}.Release|Mixed Platforms.ActiveCfg = Release|x64
		{473A95DC-5E6B-47EF-8E4D-77BB2AC1D046}.Release|Mixed Platforms.Build.0 = Release|x64
		{473A95DC-5E6B-47EF-8E4D-77BB2AC1D046}.Release|Win32.ActiveCfg = Release|Win32
		{473A95DC-5E6B-47EF-8E4D-77BB2AC1D046}.Release|Win32.Build.0 = Release|Win32
		{473A95DC-5E6B-47EF-8E4D-77BB2AC1D046}.Release|x64.ActiveCfg = Release|x64
		{473A95DC-5E6B-47EF-8E4D-77BB2AC1D046}.Release|x64.Build.0 = Release|x64
		{AD76FB2C-856B-4ACD-9A34-5BB7B5FDE659}.Debug|Any CPU.ActiveCfg = Debug|x64
		{AD76FB2C-856B-4ACD-9A34-5BB7B5FDE659}.Debug|Mixed Platforms.ActiveCfg = Debug|x64
		{AD76FB2C-856B-4ACD-9A34-5BB7B5FDE659}.Debug|Mixed Platforms.Build.0 = Debug|x64
		{AD76FB2C-856B-4ACD-9A34-5BB7B5FDE659}.Debug|Win32.ActiveCfg = Debug|Win32
		{AD76FB2C-856B-4ACD-9A34-5BB7B5FDE659}.Debug|Win32.Build.0 = Debug|Win32
		{AD76FB2C-856B-4ACD-9A34-5BB7B5FDE659}.Debug|x64.ActiveCfg = Debug|x64
		{AD76FB2C-856B-4ACD-9A34-5BB7B5FDE659}.Debug|x64.Build.0 = Debug|x64
		{AD76FB2C-856B-4ACD-9A34-5BB7B5FDE659}.Release|Any CPU.ActiveCfg = Release|x64
		{AD76FB2C-856B-4ACD-9A34-5BB7B5FDE659}.Release|Mixed Platforms.ActiveCfg = Release|x64
		{AD76FB2C-856B-4ACD-9A34-5BB7B5FDE659}.Release|Mixed Platforms.Build.0 = Release|x64
		{AD76FB2C-856B-4ACD-9A34-5BB7B5FDE659}.Release|Win32.ActiveCfg = Release|Win32
		{AD76FB2C-856B-4ACD-9A34-5BB7B5FDE659}.Release|Win32.Build.0 = Release|Win32
		{AD76FB2C-856B-4ACD-9A34-5BB7B5FDE659}.Release|x64.ActiveCfg = Release|x64
		{AD76FB2C-856B-4ACD-9A34-5BB7B5FDE659}.Release|x64.Build.0 = Release|x64
		{D26DC853-A22B-4C5B-810F-F76D1247FA93}.Debug|Any CPU.ActiveCfg = Debug|x64
		{D26DC853-A22B-4C5B-810F-F76D1247FA93}.Debug|Mixed Platforms.ActiveCfg = Debug|x64
		{D26DC853-A22B-4C5B-810F-F76D1247FA93}.Debug|Mixed Platforms.Build.0 = Debug|x64
		{D26DC853-A22B-4C5B-810F-F76D1247FA93}.Debug|Win32.ActiveCfg = Debug|Win32
		{D26DC853-A22B-4C5B-810F-F76D1247FA93}.Debug|Win32.Build.0 = Debug|Win32
		{D26DC853-A22B-4C5B-810F-F76D1247FA93}.Debug|x64.ActiveCfg = Debug|x64
		{D26DC853-A22B-4C5B-810F-F76D1247FA93}.Debug|x64.Build.0 = Debug|x64
		{D26DC853-A22B-4C5B-810F-F76D1247FA93}.Release|Any CPU.ActiveCfg = Release|x64
		{D26DC853-A22B-4C5B-810F-F76D1247FA93}.Release|Mixed Platforms.ActiveCfg = Release|x64
		{D26DC853-A22B-4C5B-810F-F76D1247FA93}.Release|Mixed Platforms.Build.0 = Release|x64
		{D26DC853-A22B-4C5B-810F-F76D1247FA93}.Release|Win32.ActiveCfg = Release|Win32
		{D26DC853-A22B-4C5B-810F-F76D1247FA93}.Release|Win32.Build.0 = Release|Win32
		{D26DC853-A22B-4C5B-810F-F76D1247FA93}.Release|x64.ActiveCfg = Release|x64
		{D26DC853-A22B-4C5B-810F-F76D1247FA93}.Release|x64.Build.0 = Release|x64
		{06B9D355-F6F9-4029-A614-834774D248C0}.Debug|Any CPU.ActiveCfg = Debug|x64
		{06B9D355-F6F9-4029-A614-834774D248C0}.Debug|Mixed Platforms.ActiveCfg = Debug|x64
		{06B9D355-F6F9-4029-A614-834774D248C0}.Debug|Mixed Platforms.Build.0 = Debug|x64
		{06B9D355-F6F9-4029-A614-834774D248C0}.Debug|Win32.ActiveCfg = Debug|Win32
		{06B9D355-F6F9-4029-A614-834774D248C0}.Debug|Win32.Build.0 = Debug|Win32
		{06B9D355-F6F9-4029-A614-834774D248C0}.Debug|x64.ActiveCfg = Debug|x64
		{06B9D355-F6F9-4029-A614-834774D248C0}.Debug|x64.Build.0 = Debug|x64
		{06B9D355-F6F9-4029-A614-834774D248C0}.Release|Any CPU.ActiveCfg = Release|x64
		{06B9D355-F6F9-4029-A614-834774D248C0}.Release|Mixed Platforms.ActiveCfg = Release|x64
		{06B9D355-F6F9-4029-A614-834774D248C0}.Release|Mixed Platforms.Build.0 = Release|x64
		{06B9D355-F6F9-4029-A614-834774D248C0}.Release|Win32.ActiveCfg = Release|Win32
		{06B9D355-F6F9-4029-A614-834774D248C0}.Release|Win32.Build.0 = Release|Win32
		{06B9D355-F6F9-4029-A614-834774D248C0}.Release|x64.ActiveCfg = Release|x64
		{06B9D355-F6F9-4029-A614-834774D248C0}.Release|x64.Build.0 = Release|x64
		{0E4664CE-BF26-4BD6-89F1-EB20BFA28DF3}.Debug|Any CPU.ActiveCfg = Debug|Any CPU
		{0E4664CE-BF26-4BD6-89F1-EB20BFA28DF3}.Debug|Any CPU.Build.0 = Debug|Any CPU
		{0E4664CE-BF26-4BD6-89F1-EB20BFA28DF3}.Debug|Mixed Platforms.ActiveCfg = Debug|Any CPU
		{0E4664CE-BF26-4BD6-89F1-EB20BFA28DF3}.Debug|Mixed Platforms.Build.0 = Debug|Any CPU
		{0E4664CE-BF26-4BD6-89F1-EB20BFA28DF3}.Debug|Win32.ActiveCfg = Debug|Any CPU
		{0E4664CE-BF26-4BD6-89F1-EB20BFA28DF3}.Debug|x64.ActiveCfg = Debug|Any CPU
		{0E4664CE-BF26-4BD6-89F1-EB20BFA28DF3}.Release|Any CPU.ActiveCfg = Release|Any CPU
		{0E4664CE-BF26-4BD6-89F1-EB20BFA28DF3}.Release|Any CPU.Build.0 = Release|Any CPU
		{0E4664CE-BF26-4BD6-89F1-EB20BFA28DF3}.Release|Mixed Platforms.ActiveCfg = Release|Any CPU
		{0E4664CE-BF26-4BD6-89F1-EB20BFA28DF3}.Release|Mixed Platforms.Build.0 = Release|Any CPU
		{0E4664CE-BF26-4BD6-89F1-EB20BFA28DF3}.Release|Win32.ActiveCfg = Release|Any CPU
		{0E4664CE-BF26-4BD6-89F1-EB20BFA28DF3}.Release|x64.ActiveCfg = Release|Any CPU
		{DCA46BD2-BA46-45AF-B78F-CF1A18784AD6}.Debug|Any CPU.ActiveCfg = Debug
		{DCA46BD2-BA46-45AF-B78F-CF1A18784AD6}.Debug|Any CPU.Build.0 = Debug
		{DCA46BD2-BA46-45AF-B78F-CF1A18784AD6}.Debug|Mixed Platforms.ActiveCfg = Debug
		{DCA46BD2-BA46-45AF-B78F-CF1A18784AD6}.Debug|Mixed Platforms.Build.0 = Debug
		{DCA46BD2-BA46-45AF-B78F-CF1A18784AD6}.Debug|Win32.ActiveCfg = Debug
		{DCA46BD2-BA46-45AF-B78F-CF1A18784AD6}.Debug|Win32.Build.0 = Debug
		{DCA46BD2-BA46-45AF-B78F-CF1A18784AD6}.Debug|x64.ActiveCfg = Debug
		{DCA46BD2-BA46-45AF-B78F-CF1A18784AD6}.Debug|x64.Build.0 = Debug
		{DCA46BD2-BA46-45AF-B78F-CF1A18784AD6}.Release|Any CPU.ActiveCfg = Release
		{DCA46BD2-BA46-45AF-B78F-CF1A18784AD6}.Release|Any CPU.Build.0 = Release
		{DCA46BD2-BA46-45AF-B78F-CF1A18784AD6}.Release|Mixed Platforms.ActiveCfg = Release
		{DCA46BD2-BA46-45AF-B78F-CF1A18784AD6}.Release|Mixed Platforms.Build.0 = Release
		{DCA46BD2-BA46-45AF-B78F-CF1A18784AD6}.Release|Win32.ActiveCfg = Release
		{DCA46BD2-BA46-45AF-B78F-CF1A18784AD6}.Release|Win32.Build.0 = Release
		{DCA46BD2-BA46-45AF-B78F-CF1A18784AD6}.Release|x64.ActiveCfg = Release
		{DCA46BD2-BA46-45AF-B78F-CF1A18784AD6}.Release|x64.Build.0 = Release
		{75071ACC-C273-4092-8DF2-A443B8AC69D0}.Debug|Any CPU.ActiveCfg = Debug
		{75071ACC-C273-4092-8DF2-A443B8AC69D0}.Debug|Any CPU.Build.0 = Debug
		{75071ACC-C273-4092-8DF2-A443B8AC69D0}.Debug|Mixed Platforms.ActiveCfg = Debug
		{75071ACC-C273-4092-8DF2-A443B8AC69D0}.Debug|Mixed Platforms.Build.0 = Debug
		{75071ACC-C273-4092-8DF2-A443B8AC69D0}.Debug|Win32.ActiveCfg = Debug
		{75071ACC-C273-4092-8DF2-A443B8AC69D0}.Debug|Win32.Build.0 = Debug
		{75071ACC-C273-4092-8DF2-A443B8AC69D0}.Debug|x64.ActiveCfg = Debug
		{75071ACC-C273-4092-8DF2-A443B8AC69D0}.Debug|x64.Build.0 = Debug
		{75071ACC-C273-4092-8DF2-A443B8AC69D0}.Release|Any CPU.ActiveCfg = Release
		{75071ACC-C273-4092-8DF2-A443B8AC69D0}.Release|Any CPU.Build.0 = Release
		{75071ACC-C273-4092-8DF2-A443B8AC69D0}.Release|Mixed Platforms.ActiveCfg = Release
		{75071ACC-C273-4092-8DF2-A443B8AC69D0}.Release|Mixed Platforms.Build.0 = Release
		{75071ACC-C273-4092-8DF2-A443B8AC69D0}.Release|Win32.ActiveCfg = Release
		{75071ACC-C273-4092-8DF2-A443B8AC69D0}.Release|Win32.Build.0 = Release
		{75071ACC-C273-4092-8DF2-A443B8AC69D0}.Release|x64.ActiveCfg = Release
		{75071ACC-C273-4092-8DF2-A443B8AC69D0}.Release|x64.Build.0 = Release
	EndGlobalSection
	GlobalSection(SolutionProperties) = preSolution
		HideSolutionNode = FALSE
	EndGlobalSection
EndGlobal
