<?xml version="1.0" encoding="utf-8"?>
<Project ToolsVersion="4.0" xmlns="http://schemas.microsoft.com/developer/msbuild/2003">
  <ItemGroup>
    <Image Include="Resources\BALONSIL.ico">
      <Filter>Resource Files</Filter>
    </Image>
    <Image Include="Resources\BALONSIL_32.ico">
      <Filter>Resource Files</Filter>
    </Image>
    <Image Include="Resources\LGOSTER.ico">
      <Filter>Resource Files</Filter>
    </Image>
    <Image Include="Resources\METRAJ.ico">
      <Filter>Resource Files</Filter>
    </Image>
    <Image Include="Resources\METRAJ_32.ico">
      <Filter>Resource Files</Filter>
    </Image>
    <Image Include="Resources\METRAJSIL.ico">
      <Filter>Resource Files</Filter>
    </Image>
    <Image Include="Resources\METRAJSIL_32.ico">
      <Filter>Resource Files</Filter>
    </Image>
    <Image Include="Resources\METRAJYARDIM.ico">
      <Filter>Resource Files</Filter>
    </Image>
    <Image Include="Resources\POZAYAR.ico">
      <Filter>Resource Files</Filter>
    </Image>
    <Image Include="Resources\POZBENZET.ico">
      <Filter>Resource Files</Filter>
    </Image>
    <Image Include="Resources\POZBUL.ico">
      <Filter>Resource Files</Filter>
    </Image>
    <Image Include="Resources\POZBUL_32.ico">
      <Filter>Resource Files</Filter>
    </Image>
    <Image Include="Resources\POZDEGIS.ico">
      <Filter>Resource Files</Filter>
    </Image>
    <Image Include="Resources\POZDEGIS_32.ico">
      <Filter>Resource Files</Filter>
    </Image>
    <Image Include="Resources\POZEDIT.ico">
      <Filter>Resource Files</Filter>
    </Image>
    <Image Include="Resources\POZEDIT_32.ico">
      <Filter>Resource Files</Filter>
    </Image>
    <Image Include="Resources\POZEKLE.ico">
      <Filter>Resource Files</Filter>
    </Image>
    <Image Include="Resources\POZKATKI.ico">
      <Filter>Resource Files</Filter>
    </Image>
    <Image Include="Resources\POZKONTROL.ico">
      <Filter>Resource Files</Filter>
    </Image>
    <Image Include="Resources\POZKONTROL_32.ico">
      <Filter>Resource Files</Filter>
    </Image>
    <Image Include="Resources\POZKOPYALA.ico">
      <Filter>Resource Files</Filter>
    </Image>
    <Image Include="Resources\POZKOPYALADETAY.ico">
      <Filter>Resource Files</Filter>
    </Image>
    <Image Include="Resources\POZMIRROR.ico">
      <Filter>Resource Files</Filter>
    </Image>
    <Image Include="Resources\POZNUM.ico">
      <Filter>Resource Files</Filter>
    </Image>
    <Image Include="Resources\POZNUM_32.ico">
      <Filter>Resource Files</Filter>
    </Image>
    <Image Include="Resources\SEKILGOSTER.ico">
      <Filter>Resource Files</Filter>
    </Image>
    <Image Include="Resources\SEKILSIL.ico">
      <Filter>Resource Files</Filter>
    </Image>
    <Image Include="Resources\SONPOZ.ico">
      <Filter>Resource Files</Filter>
    </Image>
    <Image Include="Resources\SONPOZ_32.ico">
      <Filter>Resource Files</Filter>
    </Image>
    <Image Include="Resources\YENILE.ico">
      <Filter>Resource Files</Filter>
    </Image>
    <Image Include="Resources\ACILIMLAR.ico">
      <Filter>Resource Files</Filter>
    </Image>
    <Image Include="Resources\TABLOSTILI.ico">
      <Filter>Resource Files</Filter>
    </Image>
    <Image Include="Resources\LISANS.ico">
      <Filter>Resource Files</Filter>
    </Image>
  </ItemGroup>
  <ItemGroup>
    <Filter Include="Header Files">
      <UniqueIdentifier>{a87305b2-2816-4937-a6c7-60e54eba2c56}</UniqueIdentifier>
      <Extensions>h;hh;hpp;hxx;hm;inl;inc;xsd</Extensions>
    </Filter>
    <Filter Include="Resource Files">
      <UniqueIdentifier>{f75b2c5d-335a-4c37-80fc-85d3bb8b21a9}</UniqueIdentifier>
      <Extensions>rc;ico;cur;bmp;dlg;rc2;rct;bin;rgs;gif;jpg;jpeg;jpe;resx;tiff;tif;png;wav;mfcribbon-ms</Extensions>
    </Filter>
    <Filter Include="Source Files">
      <UniqueIdentifier>{82d4f937-3ebf-40cb-b583-b42f44f0fdd5}</UniqueIdentifier>
      <Extensions>cpp;c;cc;cxx;def;odl;idl;hpj;bat;asm;asmx</Extensions>
    </Filter>
  </ItemGroup>
  <ItemGroup>
    <ResourceCompile Include="MenuIcons.rc">
      <Filter>Resource Files</Filter>
    </ResourceCompile>
  </ItemGroup>
  <ItemGroup>
    <ClInclude Include="resource.h">
      <Filter>Header Files</Filter>
    </ClInclude>
  </ItemGroup>
</Project>