<?xml version="1.0" encoding="utf-8"?>
<Project ToolsVersion="4.0" xmlns="http://schemas.microsoft.com/developer/msbuild/2003">
  <ItemGroup>
    <Filter Include="Source Files">
      <UniqueIdentifier>{4FC737F1-C7A5-4376-A066-2A32D752A2FF}</UniqueIdentifier>
      <Extensions>cpp;c;cc;cxx;def;odl;idl;hpj;bat;asm;asmx</Extensions>
    </Filter>
    <Filter Include="Header Files">
      <UniqueIdentifier>{93995380-89BD-4b04-88EB-625FBE52EBFB}</UniqueIdentifier>
      <Extensions>h;hh;hpp;hxx;hm;inl;inc;xsd</Extensions>
    </Filter>
    <Filter Include="Resource Files">
      <UniqueIdentifier>{67DA6AB6-F800-4c08-8B7A-83BB121AAD01}</UniqueIdentifier>
      <Extensions>rc;ico;cur;bmp;dlg;rc2;rct;bin;rgs;gif;jpg;jpeg;jpe;resx;tiff;tif;png;wav;mfcribbon-ms</Extensions>
    </Filter>
  </ItemGroup>
  <ItemGroup>
    <ResourceCompile Include="MenuIcons.rc">
      <Filter>Resource Files</Filter>
    </ResourceCompile>
  </ItemGroup>
  <ItemGroup>
    <Image Include="Resources\ACILIMLAR_Light.ico">
      <Filter>Resource Files</Filter>
    </Image>
    <Image Include="Resources\BALONSIL_32_Light.ico">
      <Filter>Resource Files</Filter>
    </Image>
    <Image Include="Resources\BALONSIL_Light.ico">
      <Filter>Resource Files</Filter>
    </Image>
    <Image Include="Resources\LGOSTER_Light.ico">
      <Filter>Resource Files</Filter>
    </Image>
    <Image Include="Resources\LISANS_Light.ico">
      <Filter>Resource Files</Filter>
    </Image>
    <Image Include="Resources\METRAJ_32_Light.ico">
      <Filter>Resource Files</Filter>
    </Image>
    <Image Include="Resources\METRAJSIL_32_Light.ico">
      <Filter>Resource Files</Filter>
    </Image>
    <Image Include="Resources\METRAJSIL_Light.ico">
      <Filter>Resource Files</Filter>
    </Image>
    <Image Include="Resources\METRAJYARDIM_Light.ico">
      <Filter>Resource Files</Filter>
    </Image>
    <Image Include="Resources\POZAYAR_Light.ico">
      <Filter>Resource Files</Filter>
    </Image>
    <Image Include="Resources\POZBENZET_Light.ico">
      <Filter>Resource Files</Filter>
    </Image>
    <Image Include="Resources\POZBUL_32_Light.ico">
      <Filter>Resource Files</Filter>
    </Image>
    <Image Include="Resources\POZBUL_Light.ico">
      <Filter>Resource Files</Filter>
    </Image>
    <Image Include="Resources\POZDEGIS_32_Light.ico">
      <Filter>Resource Files</Filter>
    </Image>
    <Image Include="Resources\POZDEGIS_Light.ico">
      <Filter>Resource Files</Filter>
    </Image>
    <Image Include="Resources\POZEDIT_32_Light.ico">
      <Filter>Resource Files</Filter>
    </Image>
    <Image Include="Resources\POZEDIT_Light.ico">
      <Filter>Resource Files</Filter>
    </Image>
    <Image Include="Resources\POZEKLE_Light.ico">
      <Filter>Resource Files</Filter>
    </Image>
    <Image Include="Resources\POZKATKI_Light.ico">
      <Filter>Resource Files</Filter>
    </Image>
    <Image Include="Resources\POZKONTROL_32_Light.ico">
      <Filter>Resource Files</Filter>
    </Image>
    <Image Include="Resources\POZKONTROL_Light.ico">
      <Filter>Resource Files</Filter>
    </Image>
    <Image Include="Resources\POZKOPYALA_Light.ico">
      <Filter>Resource Files</Filter>
    </Image>
    <Image Include="Resources\POZKOPYALADETAY_Light.ico">
      <Filter>Resource Files</Filter>
    </Image>
    <Image Include="Resources\POZMIRROR_Light.ico">
      <Filter>Resource Files</Filter>
    </Image>
    <Image Include="Resources\POZNUM_32_Light.ico">
      <Filter>Resource Files</Filter>
    </Image>
    <Image Include="Resources\POZNUM_Light.ico">
      <Filter>Resource Files</Filter>
    </Image>
    <Image Include="Resources\POZPATLAT_Light.ico">
      <Filter>Resource Files</Filter>
    </Image>
    <Image Include="Resources\SEKILGOSTER_Light.ico">
      <Filter>Resource Files</Filter>
    </Image>
    <Image Include="Resources\SEKILSIL_Light.ico">
      <Filter>Resource Files</Filter>
    </Image>
    <Image Include="Resources\SONPOZ_32_Light.ico">
      <Filter>Resource Files</Filter>
    </Image>
    <Image Include="Resources\SONPOZ_Light.ico">
      <Filter>Resource Files</Filter>
    </Image>
    <Image Include="Resources\TABLOSTILI_Light.ico">
      <Filter>Resource Files</Filter>
    </Image>
    <Image Include="Resources\YENILE_Light.ico">
      <Filter>Resource Files</Filter>
    </Image>
  </ItemGroup>
</Project>