<?xml version="1.0" encoding="utf-8"?>
<Project ToolsVersion="4.0" xmlns="http://schemas.microsoft.com/developer/msbuild/2003">
  <ItemGroup>
    <Filter Include="Source Files">
      <UniqueIdentifier>{14163e3d-04d5-4872-9c24-5337218a1da9}</UniqueIdentifier>
      <Extensions>cpp;c;cxx;rc;def;r;odl;idl;hpj;bat</Extensions>
    </Filter>
    <Filter Include="Header Files">
      <UniqueIdentifier>{a3fc6601-a49e-4d85-a115-14a613873d09}</UniqueIdentifier>
      <Extensions>h;hpp;hxx;hm;inl</Extensions>
    </Filter>
    <Filter Include="Resource Files">
      <UniqueIdentifier>{cff97036-cc6c-4d85-b39e-22d39b055a52}</UniqueIdentifier>
      <Extensions>ico;cur;bmp;dlg;rc2;rct;bin;cnt;rtf;gif;jpg;jpeg;jpe</Extensions>
    </Filter>
  </ItemGroup>
  <ItemGroup>
    <ClCompile Include="ComBOQTable.cpp">
      <Filter>Source Files</Filter>
    </ClCompile>
    <ClCompile Include="ComRebarPos.cpp">
      <Filter>Source Files</Filter>
    </ClCompile>
    <ClCompile Include="COMRebarPosApp.cpp">
      <Filter>Source Files</Filter>
    </ClCompile>
    <ClCompile Include="StdAfx.cpp">
      <Filter>Source Files</Filter>
    </ClCompile>
  </ItemGroup>
  <ItemGroup>
    <None Include="COMRebarPos.def">
      <Filter>Source Files</Filter>
    </None>
    <None Include="COMRebarPos.hpj">
      <Filter>Source Files</Filter>
    </None>
    <None Include="RebarPos.hm">
      <Filter>Header Files</Filter>
    </None>
    <None Include="RebarPos.rgs">
      <Filter>Resource Files</Filter>
    </None>
    <None Include="RebarPos.RTF">
      <Filter>Resource Files</Filter>
    </None>
  </ItemGroup>
  <ItemGroup>
    <Midl Include="COMRebarPos.idl">
      <Filter>Source Files</Filter>
    </Midl>
  </ItemGroup>
  <ItemGroup>
    <ResourceCompile Include="COMRebarPos.rc">
      <Filter>Source Files</Filter>
    </ResourceCompile>
  </ItemGroup>
  <ItemGroup>
    <ClInclude Include="ComBOQTable.h">
      <Filter>Header Files</Filter>
    </ClInclude>
    <ClInclude Include="ComRebarPos.h">
      <Filter>Header Files</Filter>
    </ClInclude>
    <ClInclude Include="Resource.h">
      <Filter>Header Files</Filter>
    </ClInclude>
    <ClInclude Include="StdAfx.h">
      <Filter>Header Files</Filter>
    </ClInclude>
  </ItemGroup>
</Project>