<?xml version="1.0" encoding="utf-8"?>
<Project ToolsVersion="4.0" xmlns="http://schemas.microsoft.com/developer/msbuild/2003">
  <ItemGroup>
    <Filter Include="Source Files">
      <UniqueIdentifier>{22da7f57-a685-420c-bfdc-939d8d81b96c}</UniqueIdentifier>
      <Extensions>cpp;c;cxx;rc;def;r;odl;hpj;bat;for;f90</Extensions>
    </Filter>
    <Filter Include="Header Files">
      <UniqueIdentifier>{65083aae-f245-42b1-8907-031b2d98fccf}</UniqueIdentifier>
      <Extensions>h;hpp;hxx;hm;inl;fi;fd</Extensions>
    </Filter>
    <Filter Include="Resource Files">
      <UniqueIdentifier>{c04b5fad-38b7-4e46-90b1-b20fe29c6fbd}</UniqueIdentifier>
      <Extensions>ico;cur;bmp;dlg;rc2;rct;bin;cnt;rtf;gif;jpg;jpeg;jpe</Extensions>
    </Filter>
  </ItemGroup>
  <ItemGroup>
    <ClCompile Include="BOQStyle.cpp">
      <Filter>Source Files</Filter>
    </ClCompile>
    <ClCompile Include="BOQTable.cpp">
      <Filter>Source Files</Filter>
    </ClCompile>
    <ClCompile Include="Calculator.cpp">
      <Filter>Source Files</Filter>
    </ClCompile>
    <ClCompile Include="GenericTable.cpp">
      <Filter>Source Files</Filter>
    </ClCompile>
    <ClCompile Include="PosGroup.cpp">
      <Filter>Source Files</Filter>
    </ClCompile>
    <ClCompile Include="PosShape.cpp">
      <Filter>Source Files</Filter>
    </ClCompile>
    <ClCompile Include="RebarPos.cpp">
      <Filter>Source Files</Filter>
    </ClCompile>
    <ClCompile Include="RebarPosApp.cpp">
      <Filter>Source Files</Filter>
    </ClCompile>
    <ClCompile Include="Shape.cpp">
      <Filter>Source Files</Filter>
    </ClCompile>
    <ClCompile Include="StdAfx.cpp">
      <Filter>Source Files</Filter>
    </ClCompile>
    <ClCompile Include="TableCell.cpp">
      <Filter>Source Files</Filter>
    </ClCompile>
    <ClCompile Include="Utility.cpp">
      <Filter>Source Files</Filter>
    </ClCompile>
  </ItemGroup>
  <ItemGroup>
    <ResourceCompile Include="NativeRebarPos.rc">
      <Filter>Source Files</Filter>
    </ResourceCompile>
  </ItemGroup>
  <ItemGroup>
    <ClInclude Include="BOQRow.h">
      <Filter>Header Files</Filter>
    </ClInclude>
    <ClInclude Include="BOQStyle.h">
      <Filter>Header Files</Filter>
    </ClInclude>
    <ClInclude Include="BOQTable.h">
      <Filter>Header Files</Filter>
    </ClInclude>
    <ClInclude Include="Calculator.h">
      <Filter>Header Files</Filter>
    </ClInclude>
    <ClInclude Include="DrawParams.h">
      <Filter>Header Files</Filter>
    </ClInclude>
    <ClInclude Include="GenericTable.h">
      <Filter>Header Files</Filter>
    </ClInclude>
    <ClInclude Include="PosGroup.h">
      <Filter>Header Files</Filter>
    </ClInclude>
    <ClInclude Include="PosShape.h">
      <Filter>Header Files</Filter>
    </ClInclude>
    <ClInclude Include="RebarPos.h">
      <Filter>Header Files</Filter>
    </ClInclude>
    <ClInclude Include="resource.h">
      <Filter>Header Files</Filter>
    </ClInclude>
    <ClInclude Include="Shape.h">
      <Filter>Header Files</Filter>
    </ClInclude>
    <ClInclude Include="StdAfx.h">
      <Filter>Header Files</Filter>
    </ClInclude>
    <ClInclude Include="TableCell.h">
      <Filter>Header Files</Filter>
    </ClInclude>
    <ClInclude Include="Utility.h">
      <Filter>Header Files</Filter>
    </ClInclude>
  </ItemGroup>
  <ItemGroup>
    <Text Include="Resources\InternalShapes.txt">
      <Filter>Resource Files</Filter>
    </Text>
    <Text Include="Resources\Shapes.txt">
      <Filter>Resource Files</Filter>
    </Text>
    <Text Include="Resources\TableStyles.txt">
      <Filter>Resource Files</Filter>
    </Text>
  </ItemGroup>
</Project>