<?xml version="1.0" encoding="utf-8"?>
<Project ToolsVersion="4.0" xmlns="http://schemas.microsoft.com/developer/msbuild/2003">
  <ItemGroup>
    <Filter Include="Source Files">
      <UniqueIdentifier>{11951e54-ed60-42d6-ae88-a39d03b6a44b}</UniqueIdentifier>
      <Extensions>cpp;c;cxx;rc;def;r;odl;hpj;bat;for;f90</Extensions>
    </Filter>
    <Filter Include="Header Files">
      <UniqueIdentifier>{7218ee69-bc3f-4cb6-84f0-70f6a0859c7f}</UniqueIdentifier>
      <Extensions>h;hpp;hxx;hm;inl;fi;fd</Extensions>
    </Filter>
    <Filter Include="Resource Files">
      <UniqueIdentifier>{c15b29c3-d84a-4282-b2d6-d338273c933f}</UniqueIdentifier>
      <Extensions>ico;cur;bmp;dlg;rc2;rct;bin;cnt;rtf;gif;jpg;jpeg;jpe</Extensions>
    </Filter>
  </ItemGroup>
  <ItemGroup>
    <ClCompile Include="BOQStyle.cpp">
      <Filter>Source Files</Filter>
    </ClCompile>
    <ClCompile Include="BOQTable.cpp">
      <Filter>Source Files</Filter>
    </ClCompile>
    <ClCompile Include="Calculator.cpp">
      <Filter>Source Files</Filter>
    </ClCompile>
    <ClCompile Include="PosGroup.cpp">
      <Filter>Source Files</Filter>
    </ClCompile>
    <ClCompile Include="PosShape.cpp">
      <Filter>Source Files</Filter>
    </ClCompile>
    <ClCompile Include="RebarPos.cpp">
      <Filter>Source Files</Filter>
    </ClCompile>
    <ClCompile Include="RebarPosApp.cpp">
      <Filter>Source Files</Filter>
    </ClCompile>
    <ClCompile Include="Shape.cpp">
      <Filter>Source Files</Filter>
    </ClCompile>
    <ClCompile Include="StdAfx.cpp">
      <Filter>Source Files</Filter>
    </ClCompile>
    <ClCompile Include="Utility.cpp">
      <Filter>Source Files</Filter>
    </ClCompile>
  </ItemGroup>
  <ItemGroup>
    <ClInclude Include="BOQRow.h">
      <Filter>Header Files</Filter>
    </ClInclude>
    <ClInclude Include="BOQStyle.h">
      <Filter>Header Files</Filter>
    </ClInclude>
    <ClInclude Include="BOQTable.h">
      <Filter>Header Files</Filter>
    </ClInclude>
    <ClInclude Include="Calculator.h">
      <Filter>Header Files</Filter>
    </ClInclude>
    <ClInclude Include="DrawParams.h">
      <Filter>Header Files</Filter>
    </ClInclude>
    <ClInclude Include="PosGroup.h">
      <Filter>Header Files</Filter>
    </ClInclude>
    <ClInclude Include="PosShape.h">
      <Filter>Header Files</Filter>
    </ClInclude>
    <ClInclude Include="RebarPos.h">
      <Filter>Header Files</Filter>
    </ClInclude>
    <ClInclude Include="Shape.h">
      <Filter>Header Files</Filter>
    </ClInclude>
    <ClInclude Include="StdAfx.h">
      <Filter>Header Files</Filter>
    </ClInclude>
    <ClInclude Include="Utility.h">
      <Filter>Header Files</Filter>
    </ClInclude>
  </ItemGroup>
</Project>