<?xml version="1.0" encoding="utf-8"?>
<Project ToolsVersion="4.0" xmlns="http://schemas.microsoft.com/developer/msbuild/2003">
  <ItemGroup>
    <Filter Include="Source Files">
      <UniqueIdentifier>{fbef9ecd-1ed2-4972-bb45-37164701ae2d}</UniqueIdentifier>
      <Extensions>cpp;c;cxx;def;odl;idl;hpj;bat;asm</Extensions>
    </Filter>
    <Filter Include="Header Files">
      <UniqueIdentifier>{f11196db-c765-4c27-aeef-60046668c8f8}</UniqueIdentifier>
      <Extensions>h;hpp;hxx;hm;inl;inc</Extensions>
    </Filter>
    <Filter Include="Resource Files">
      <UniqueIdentifier>{bb2b647f-469d-4a0e-b37c-e58a74ab9797}</UniqueIdentifier>
      <Extensions>rc;ico;cur;bmp;dlg;rc2;rct;bin;rgs;gif;jpg;jpeg;jpe;r</Extensions>
    </Filter>
  </ItemGroup>
  <ItemGroup>
    <ClCompile Include="AssemblyInfo.cpp">
      <Filter>Source Files</Filter>
    </ClCompile>
    <ClCompile Include="MgBOQStyle.cpp">
      <Filter>Source Files</Filter>
    </ClCompile>
    <ClCompile Include="MgBOQTable.cpp">
      <Filter>Source Files</Filter>
    </ClCompile>
    <ClCompile Include="MgPosGroup.cpp">
      <Filter>Source Files</Filter>
    </ClCompile>
    <ClCompile Include="MgPosShape.cpp">
      <Filter>Source Files</Filter>
    </ClCompile>
    <ClCompile Include="MgRebarPos.cpp">
      <Filter>Source Files</Filter>
    </ClCompile>
    <ClCompile Include="MgRebarPosApp.cpp">
      <Filter>Source Files</Filter>
    </ClCompile>
    <ClCompile Include="MgUtility.cpp">
      <Filter>Source Files</Filter>
    </ClCompile>
    <ClCompile Include="Stdafx.cpp">
      <Filter>Source Files</Filter>
    </ClCompile>
  </ItemGroup>
  <ItemGroup>
    <ClInclude Include="Marshal.h">
      <Filter>Header Files</Filter>
    </ClInclude>
    <ClInclude Include="MgBOQStyle.h">
      <Filter>Header Files</Filter>
    </ClInclude>
    <ClInclude Include="MgBOQTable.h">
      <Filter>Header Files</Filter>
    </ClInclude>
    <ClInclude Include="MgPosGroup.h">
      <Filter>Header Files</Filter>
    </ClInclude>
    <ClInclude Include="MgPosShape.h">
      <Filter>Header Files</Filter>
    </ClInclude>
    <ClInclude Include="MgRebarPos.h">
      <Filter>Header Files</Filter>
    </ClInclude>
    <ClInclude Include="MgUtility.h">
      <Filter>Header Files</Filter>
    </ClInclude>
    <ClInclude Include="StdAfx.h">
      <Filter>Header Files</Filter>
    </ClInclude>
  </ItemGroup>
</Project>